// !$*UTF8*$!
{
	archiveVersion = 1;
	classes = {
	};
	objectVersion = 56;
	objects = {

/* Begin PBXBuildFile section */
		8B0C2ECA2911FD220081EDEE /* AppDelegate.swift in Sources */ = {isa = PBXBuildFile; fileRef = 8B0C2EC92911FD220081EDEE /* AppDelegate.swift */; };
		8B0C2ECC2911FD220081EDEE /* SceneDelegate.swift in Sources */ = {isa = PBXBuildFile; fileRef = 8B0C2ECB2911FD220081EDEE /* SceneDelegate.swift */; };
		8B0C2ECE2911FD220081EDEE /* ViewController.swift in Sources */ = {isa = PBXBuildFile; fileRef = 8B0C2ECD2911FD220081EDEE /* ViewController.swift */; };
		8B0C2ED12911FD220081EDEE /* Main.storyboard in Resources */ = {isa = PBXBuildFile; fileRef = 8B0C2ECF2911FD220081EDEE /* Main.storyboard */; };
		8B0C2ED32911FD2B0081EDEE /* Assets.xcassets in Resources */ = {isa = PBXBuildFile; fileRef = 8B0C2ED22911FD2B0081EDEE /* Assets.xcassets */; };
		8B0C2ED62911FD2B0081EDEE /* LaunchScreen.storyboard in Resources */ = {isa = PBXBuildFile; fileRef = 8B0C2ED42911FD2B0081EDEE /* LaunchScreen.storyboard */; };
		8B0C2EE12911FD2C0081EDEE /* carrotTests.swift in Sources */ = {isa = PBXBuildFile; fileRef = 8B0C2EE02911FD2C0081EDEE /* carrotTests.swift */; };
		8B0C2EEB2911FD2C0081EDEE /* carrotUITests.swift in Sources */ = {isa = PBXBuildFile; fileRef = 8B0C2EEA2911FD2C0081EDEE /* carrotUITests.swift */; };
		8B0C2EED2911FD2C0081EDEE /* carrotUITestsLaunchTests.swift in Sources */ = {isa = PBXBuildFile; fileRef = 8B0C2EEC2911FD2C0081EDEE /* carrotUITestsLaunchTests.swift */; };
		8B0C2EFA291200870081EDEE /* CustomTableViewCell.swift in Sources */ = {isa = PBXBuildFile; fileRef = 8B0C2EF9291200850081EDEE /* CustomTableViewCell.swift */; };
		8B5E4DA62914B6BB00423C5E /* PresentModalController.swift in Sources */ = {isa = PBXBuildFile; fileRef = 8B5E4DA52914B6BB00423C5E /* PresentModalController.swift */; };
		8B8DD98E2914F0E1002D36D6 /* popupCell.swift in Sources */ = {isa = PBXBuildFile; fileRef = 8B8DD98D2914F0E1002D36D6 /* popupCell.swift */; };
		8B8DD9902914F82A002D36D6 /* cellDataController.swift in Sources */ = {isa = PBXBuildFile; fileRef = 8B8DD98F2914F82A002D36D6 /* cellDataController.swift */; };
		8B8FCF7C2913801400A80940 /* AddView.swift in Sources */ = {isa = PBXBuildFile; fileRef = 8B8FCF7B2913801400A80940 /* AddView.swift */; };
		8B8FCF7E2914196800A80940 /* ViewControllerTwo.swift in Sources */ = {isa = PBXBuildFile; fileRef = 8B8FCF7D2914196700A80940 /* ViewControllerTwo.swift */; };
		8B8FCF8129141CE400A80940 /* CollectionViewCell.swift in Sources */ = {isa = PBXBuildFile; fileRef = 8B8FCF7F29141CE400A80940 /* CollectionViewCell.swift */; };
		8B8FCF8529149E8700A80940 /* TableViewCell.swift in Sources */ = {isa = PBXBuildFile; fileRef = 8B8FCF8329149E8700A80940 /* TableViewCell.swift */; };
		8BFCADB62912575F00352219 /* chatCollectionCell.swift in Sources */ = {isa = PBXBuildFile; fileRef = 8BFCADB52912575E00352219 /* chatCollectionCell.swift */; };
		8BFCADBA291260A000352219 /* ViewControllerFive.swift in Sources */ = {isa = PBXBuildFile; fileRef = 8BFCADB9291260A000352219 /* ViewControllerFive.swift */; };
		8BFCADBC2912621500352219 /* CustomTableViewCellFive.swift in Sources */ = {isa = PBXBuildFile; fileRef = 8BFCADBB2912621500352219 /* CustomTableViewCellFive.swift */; };
		8BFCADC02912BB2D00352219 /* ViewControllerFour.swift in Sources */ = {isa = PBXBuildFile; fileRef = 8BFCADBF2912BB2D00352219 /* ViewControllerFour.swift */; };
		8BFCADC42912CEC200352219 /* ViewControllerThree.swift in Sources */ = {isa = PBXBuildFile; fileRef = 8BFCADC32912CEC100352219 /* ViewControllerThree.swift */; };
/* End PBXBuildFile section */

/* Begin PBXContainerItemProxy section */
		8B0C2EDD2911FD2C0081EDEE /* PBXContainerItemProxy */ = {
			isa = PBXContainerItemProxy;
			containerPortal = 8B0C2EBE2911FD210081EDEE /* Project object */;
			proxyType = 1;
			remoteGlobalIDString = 8B0C2EC52911FD220081EDEE;
			remoteInfo = carrot;
		};
		8B0C2EE72911FD2C0081EDEE /* PBXContainerItemProxy */ = {
			isa = PBXContainerItemProxy;
			containerPortal = 8B0C2EBE2911FD210081EDEE /* Project object */;
			proxyType = 1;
			remoteGlobalIDString = 8B0C2EC52911FD220081EDEE;
			remoteInfo = carrot;
		};
/* End PBXContainerItemProxy section */

/* Begin PBXFileReference section */
		8B0C2EC62911FD220081EDEE /* carrot.app */ = {isa = PBXFileReference; explicitFileType = wrapper.application; includeInIndex = 0; path = carrot.app; sourceTree = BUILT_PRODUCTS_DIR; };
		8B0C2EC92911FD220081EDEE /* AppDelegate.swift */ = {isa = PBXFileReference; lastKnownFileType = sourcecode.swift; path = AppDelegate.swift; sourceTree = "<group>"; };
		8B0C2ECB2911FD220081EDEE /* SceneDelegate.swift */ = {isa = PBXFileReference; lastKnownFileType = sourcecode.swift; path = SceneDelegate.swift; sourceTree = "<group>"; };
		8B0C2ECD2911FD220081EDEE /* ViewController.swift */ = {isa = PBXFileReference; lastKnownFileType = sourcecode.swift; path = ViewController.swift; sourceTree = "<group>"; };
		8B0C2ED02911FD220081EDEE /* Base */ = {isa = PBXFileReference; lastKnownFileType = file.storyboard; name = Base; path = Base.lproj/Main.storyboard; sourceTree = "<group>"; };
		8B0C2ED22911FD2B0081EDEE /* Assets.xcassets */ = {isa = PBXFileReference; lastKnownFileType = folder.assetcatalog; path = Assets.xcassets; sourceTree = "<group>"; };
		8B0C2ED52911FD2B0081EDEE /* Base */ = {isa = PBXFileReference; lastKnownFileType = file.storyboard; name = Base; path = Base.lproj/LaunchScreen.storyboard; sourceTree = "<group>"; };
		8B0C2ED72911FD2B0081EDEE /* Info.plist */ = {isa = PBXFileReference; lastKnownFileType = text.plist.xml; path = Info.plist; sourceTree = "<group>"; };
		8B0C2EDC2911FD2C0081EDEE /* carrotTests.xctest */ = {isa = PBXFileReference; explicitFileType = wrapper.cfbundle; includeInIndex = 0; path = carrotTests.xctest; sourceTree = BUILT_PRODUCTS_DIR; };
		8B0C2EE02911FD2C0081EDEE /* carrotTests.swift */ = {isa = PBXFileReference; lastKnownFileType = sourcecode.swift; path = carrotTests.swift; sourceTree = "<group>"; };
		8B0C2EE62911FD2C0081EDEE /* carrotUITests.xctest */ = {isa = PBXFileReference; explicitFileType = wrapper.cfbundle; includeInIndex = 0; path = carrotUITests.xctest; sourceTree = BUILT_PRODUCTS_DIR; };
		8B0C2EEA2911FD2C0081EDEE /* carrotUITests.swift */ = {isa = PBXFileReference; lastKnownFileType = sourcecode.swift; path = carrotUITests.swift; sourceTree = "<group>"; };
		8B0C2EEC2911FD2C0081EDEE /* carrotUITestsLaunchTests.swift */ = {isa = PBXFileReference; lastKnownFileType = sourcecode.swift; path = carrotUITestsLaunchTests.swift; sourceTree = "<group>"; };
		8B0C2EF9291200850081EDEE /* CustomTableViewCell.swift */ = {isa = PBXFileReference; lastKnownFileType = sourcecode.swift; path = CustomTableViewCell.swift; sourceTree = "<group>"; };
		8B5E4DA52914B6BB00423C5E /* PresentModalController.swift */ = {isa = PBXFileReference; lastKnownFileType = sourcecode.swift; path = PresentModalController.swift; sourceTree = "<group>"; };
		8B8DD98D2914F0E1002D36D6 /* popupCell.swift */ = {isa = PBXFileReference; lastKnownFileType = sourcecode.swift; path = popupCell.swift; sourceTree = "<group>"; };
		8B8DD98F2914F82A002D36D6 /* cellDataController.swift */ = {isa = PBXFileReference; lastKnownFileType = sourcecode.swift; path = cellDataController.swift; sourceTree = "<group>"; };
		8B8FCF7B2913801400A80940 /* AddView.swift */ = {isa = PBXFileReference; lastKnownFileType = sourcecode.swift; path = AddView.swift; sourceTree = "<group>"; };
		8B8FCF7D2914196700A80940 /* ViewControllerTwo.swift */ = {isa = PBXFileReference; lastKnownFileType = sourcecode.swift; path = ViewControllerTwo.swift; sourceTree = "<group>"; };
		8B8FCF7F29141CE400A80940 /* CollectionViewCell.swift */ = {isa = PBXFileReference; lastKnownFileType = sourcecode.swift; path = CollectionViewCell.swift; sourceTree = "<group>"; };
		8B8FCF8329149E8700A80940 /* TableViewCell.swift */ = {isa = PBXFileReference; lastKnownFileType = sourcecode.swift; path = TableViewCell.swift; sourceTree = "<group>"; };
		8BFCADB52912575E00352219 /* chatCollectionCell.swift */ = {isa = PBXFileReference; lastKnownFileType = sourcecode.swift; path = chatCollectionCell.swift; sourceTree = "<group>"; };
		8BFCADB9291260A000352219 /* ViewControllerFive.swift */ = {isa = PBXFileReference; lastKnownFileType = sourcecode.swift; path = ViewControllerFive.swift; sourceTree = "<group>"; };
		8BFCADBB2912621500352219 /* CustomTableViewCellFive.swift */ = {isa = PBXFileReference; lastKnownFileType = sourcecode.swift; path = CustomTableViewCellFive.swift; sourceTree = "<group>"; };
		8BFCADBF2912BB2D00352219 /* ViewControllerFour.swift */ = {isa = PBXFileReference; lastKnownFileType = sourcecode.swift; path = ViewControllerFour.swift; sourceTree = "<group>"; };
		8BFCADC32912CEC100352219 /* ViewControllerThree.swift */ = {isa = PBXFileReference; lastKnownFileType = sourcecode.swift; path = ViewControllerThree.swift; sourceTree = "<group>"; };
/* End PBXFileReference section */

/* Begin PBXFrameworksBuildPhase section */
		8B0C2EC32911FD220081EDEE /* Frameworks */ = {
			isa = PBXFrameworksBuildPhase;
			buildActionMask = 2147483647;
			files = (
			);
			runOnlyForDeploymentPostprocessing = 0;
		};
		8B0C2ED92911FD2C0081EDEE /* Frameworks */ = {
			isa = PBXFrameworksBuildPhase;
			buildActionMask = 2147483647;
			files = (
			);
			runOnlyForDeploymentPostprocessing = 0;
		};
		8B0C2EE32911FD2C0081EDEE /* Frameworks */ = {
			isa = PBXFrameworksBuildPhase;
			buildActionMask = 2147483647;
			files = (
			);
			runOnlyForDeploymentPostprocessing = 0;
		};
/* End PBXFrameworksBuildPhase section */

/* Begin PBXGroup section */
		8B0C2EBD2911FD210081EDEE = {
			isa = PBXGroup;
			children = (
				8B0C2EC82911FD220081EDEE /* carrot */,
				8B0C2EDF2911FD2C0081EDEE /* carrotTests */,
				8B0C2EE92911FD2C0081EDEE /* carrotUITests */,
				8B0C2EC72911FD220081EDEE /* Products */,
			);
			sourceTree = "<group>";
		};
		8B0C2EC72911FD220081EDEE /* Products */ = {
			isa = PBXGroup;
			children = (
				8B0C2EC62911FD220081EDEE /* carrot.app */,
				8B0C2EDC2911FD2C0081EDEE /* carrotTests.xctest */,
				8B0C2EE62911FD2C0081EDEE /* carrotUITests.xctest */,
			);
			name = Products;
			sourceTree = "<group>";
		};
		8B0C2EC82911FD220081EDEE /* carrot */ = {
			isa = PBXGroup;
			children = (
				8B0C2EC92911FD220081EDEE /* AppDelegate.swift */,
				8B0C2ECB2911FD220081EDEE /* SceneDelegate.swift */,
				8B0C2ECF2911FD220081EDEE /* Main.storyboard */,
				8B993E4F291CD6F00022AE7C /* Home Menu */,
				8B993E50291CD7510022AE7C /* MenuTWo */,
				8B993E51291CD7EA0022AE7C /* MenuThree */,
				8B993E52291CD7F20022AE7C /* MenuFour */,
				8B993E53291CD8060022AE7C /* MenuFive */,
				8B0C2ED22911FD2B0081EDEE /* Assets.xcassets */,
				8B0C2ED42911FD2B0081EDEE /* LaunchScreen.storyboard */,
				8B0C2ED72911FD2B0081EDEE /* Info.plist */,
			);
			path = carrot;
			sourceTree = "<group>";
		};
		8B0C2EDF2911FD2C0081EDEE /* carrotTests */ = {
			isa = PBXGroup;
			children = (
				8B0C2EE02911FD2C0081EDEE /* carrotTests.swift */,
			);
			path = carrotTests;
			sourceTree = "<group>";
		};
		8B0C2EE92911FD2C0081EDEE /* carrotUITests */ = {
			isa = PBXGroup;
			children = (
				8B0C2EEA2911FD2C0081EDEE /* carrotUITests.swift */,
				8B0C2EEC2911FD2C0081EDEE /* carrotUITestsLaunchTests.swift */,
			);
			path = carrotUITests;
			sourceTree = "<group>";
		};
		8B993E4F291CD6F00022AE7C /* Home Menu */ = {
			isa = PBXGroup;
			children = (
				8B0C2ECD2911FD220081EDEE /* ViewController.swift */,
				8B0C2EF9291200850081EDEE /* CustomTableViewCell.swift */,
				8B5E4DA52914B6BB00423C5E /* PresentModalController.swift */,
				8B8DD98D2914F0E1002D36D6 /* popupCell.swift */,
				8B8FCF7B2913801400A80940 /* AddView.swift */,
				8B8DD98F2914F82A002D36D6 /* cellDataController.swift */,
			);
			path = "Home Menu";
			sourceTree = "<group>";
		};
		8B993E50291CD7510022AE7C /* MenuTWo */ = {
			isa = PBXGroup;
			children = (
				8B8FCF7D2914196700A80940 /* ViewControllerTwo.swift */,
				8B8FCF7F29141CE400A80940 /* CollectionViewCell.swift */,
				8B8FCF8329149E8700A80940 /* TableViewCell.swift */,
			);
			path = MenuTWo;
			sourceTree = "<group>";
		};
		8B993E51291CD7EA0022AE7C /* MenuThree */ = {
			isa = PBXGroup;
			children = (
				8BFCADC32912CEC100352219 /* ViewControllerThree.swift */,
			);
			path = MenuThree;
			sourceTree = "<group>";
		};
		8B993E52291CD7F20022AE7C /* MenuFour */ = {
			isa = PBXGroup;
			children = (
				8BFCADBF2912BB2D00352219 /* ViewControllerFour.swift */,
				8BFCADB52912575E00352219 /* chatCollectionCell.swift */,
			);
			path = MenuFour;
			sourceTree = "<group>";
		};
		8B993E53291CD8060022AE7C /* MenuFive */ = {
			isa = PBXGroup;
			children = (
				8BFCADB9291260A000352219 /* ViewControllerFive.swift */,
				8BFCADBB2912621500352219 /* CustomTableViewCellFive.swift */,
			);
			path = MenuFive;
			sourceTree = "<group>";
		};
/* End PBXGroup section */

/* Begin PBXNativeTarget section */
		8B0C2EC52911FD220081EDEE /* carrot */ = {
			isa = PBXNativeTarget;
			buildConfigurationList = 8B0C2EF02911FD2C0081EDEE /* Build configuration list for PBXNativeTarget "carrot" */;
			buildPhases = (
				8B0C2EC22911FD220081EDEE /* Sources */,
				8B0C2EC32911FD220081EDEE /* Frameworks */,
				8B0C2EC42911FD220081EDEE /* Resources */,
			);
			buildRules = (
			);
			dependencies = (
			);
			name = carrot;
			productName = carrot;
			productReference = 8B0C2EC62911FD220081EDEE /* carrot.app */;
			productType = "com.apple.product-type.application";
		};
		8B0C2EDB2911FD2C0081EDEE /* carrotTests */ = {
			isa = PBXNativeTarget;
			buildConfigurationList = 8B0C2EF32911FD2C0081EDEE /* Build configuration list for PBXNativeTarget "carrotTests" */;
			buildPhases = (
				8B0C2ED82911FD2C0081EDEE /* Sources */,
				8B0C2ED92911FD2C0081EDEE /* Frameworks */,
				8B0C2EDA2911FD2C0081EDEE /* Resources */,
			);
			buildRules = (
			);
			dependencies = (
				8B0C2EDE2911FD2C0081EDEE /* PBXTargetDependency */,
			);
			name = carrotTests;
			productName = carrotTests;
			productReference = 8B0C2EDC2911FD2C0081EDEE /* carrotTests.xctest */;
			productType = "com.apple.product-type.bundle.unit-test";
		};
		8B0C2EE52911FD2C0081EDEE /* carrotUITests */ = {
			isa = PBXNativeTarget;
			buildConfigurationList = 8B0C2EF62911FD2C0081EDEE /* Build configuration list for PBXNativeTarget "carrotUITests" */;
			buildPhases = (
				8B0C2EE22911FD2C0081EDEE /* Sources */,
				8B0C2EE32911FD2C0081EDEE /* Frameworks */,
				8B0C2EE42911FD2C0081EDEE /* Resources */,
			);
			buildRules = (
			);
			dependencies = (
				8B0C2EE82911FD2C0081EDEE /* PBXTargetDependency */,
			);
			name = carrotUITests;
			productName = carrotUITests;
			productReference = 8B0C2EE62911FD2C0081EDEE /* carrotUITests.xctest */;
			productType = "com.apple.product-type.bundle.ui-testing";
		};
/* End PBXNativeTarget section */

/* Begin PBXProject section */
		8B0C2EBE2911FD210081EDEE /* Project object */ = {
			isa = PBXProject;
			attributes = {
				BuildIndependentTargetsInParallel = 1;
				LastSwiftUpdateCheck = 1400;
				LastUpgradeCheck = 1400;
				TargetAttributes = {
					8B0C2EC52911FD220081EDEE = {
						CreatedOnToolsVersion = 14.0.1;
					};
					8B0C2EDB2911FD2C0081EDEE = {
						CreatedOnToolsVersion = 14.0.1;
						TestTargetID = 8B0C2EC52911FD220081EDEE;
					};
					8B0C2EE52911FD2C0081EDEE = {
						CreatedOnToolsVersion = 14.0.1;
						TestTargetID = 8B0C2EC52911FD220081EDEE;
					};
				};
			};
			buildConfigurationList = 8B0C2EC12911FD210081EDEE /* Build configuration list for PBXProject "carrot" */;
			compatibilityVersion = "Xcode 14.0";
			developmentRegion = en;
			hasScannedForEncodings = 0;
			knownRegions = (
				en,
				Base,
			);
			mainGroup = 8B0C2EBD2911FD210081EDEE;
			productRefGroup = 8B0C2EC72911FD220081EDEE /* Products */;
			projectDirPath = "";
			projectRoot = "";
			targets = (
				8B0C2EC52911FD220081EDEE /* carrot */,
				8B0C2EDB2911FD2C0081EDEE /* carrotTests */,
				8B0C2EE52911FD2C0081EDEE /* carrotUITests */,
			);
		};
/* End PBXProject section */

/* Begin PBXResourcesBuildPhase section */
		8B0C2EC42911FD220081EDEE /* Resources */ = {
			isa = PBXResourcesBuildPhase;
			buildActionMask = 2147483647;
			files = (
				8B0C2ED62911FD2B0081EDEE /* LaunchScreen.storyboard in Resources */,
				8B0C2ED32911FD2B0081EDEE /* Assets.xcassets in Resources */,
				8B0C2ED12911FD220081EDEE /* Main.storyboard in Resources */,
			);
			runOnlyForDeploymentPostprocessing = 0;
		};
		8B0C2EDA2911FD2C0081EDEE /* Resources */ = {
			isa = PBXResourcesBuildPhase;
			buildActionMask = 2147483647;
			files = (
			);
			runOnlyForDeploymentPostprocessing = 0;
		};
		8B0C2EE42911FD2C0081EDEE /* Resources */ = {
			isa = PBXResourcesBuildPhase;
			buildActionMask = 2147483647;
			files = (
			);
			runOnlyForDeploymentPostprocessing = 0;
		};
/* End PBXResourcesBuildPhase section */

/* Begin PBXSourcesBuildPhase section */
		8B0C2EC22911FD220081EDEE /* Sources */ = {
			isa = PBXSourcesBuildPhase;
			buildActionMask = 2147483647;
			files = (
				8B8FCF8529149E8700A80940 /* TableViewCell.swift in Sources */,
				8B8DD9902914F82A002D36D6 /* cellDataController.swift in Sources */,
				8BFCADBC2912621500352219 /* CustomTableViewCellFive.swift in Sources */,
				8B0C2ECE2911FD220081EDEE /* ViewController.swift in Sources */,
				8B8FCF8129141CE400A80940 /* CollectionViewCell.swift in Sources */,
				8B8FCF7C2913801400A80940 /* AddView.swift in Sources */,
				8B8DD98E2914F0E1002D36D6 /* popupCell.swift in Sources */,
				8B0C2ECA2911FD220081EDEE /* AppDelegate.swift in Sources */,
				8B0C2EFA291200870081EDEE /* CustomTableViewCell.swift in Sources */,
				8BFCADB62912575F00352219 /* chatCollectionCell.swift in Sources */,
				8BFCADC02912BB2D00352219 /* ViewControllerFour.swift in Sources */,
				8B0C2ECC2911FD220081EDEE /* SceneDelegate.swift in Sources */,
				8BFCADC42912CEC200352219 /* ViewControllerThree.swift in Sources */,
				8B5E4DA62914B6BB00423C5E /* PresentModalController.swift in Sources */,
				8BFCADBA291260A000352219 /* ViewControllerFive.swift in Sources */,
				8B8FCF7E2914196800A80940 /* ViewControllerTwo.swift in Sources */,
			);
			runOnlyForDeploymentPostprocessing = 0;
		};
		8B0C2ED82911FD2C0081EDEE /* Sources */ = {
			isa = PBXSourcesBuildPhase;
			buildActionMask = 2147483647;
			files = (
				8B0C2EE12911FD2C0081EDEE /* carrotTests.swift in Sources */,
			);
			runOnlyForDeploymentPostprocessing = 0;
		};
		8B0C2EE22911FD2C0081EDEE /* Sources */ = {
			isa = PBXSourcesBuildPhase;
			buildActionMask = 2147483647;
			files = (
				8B0C2EEB2911FD2C0081EDEE /* carrotUITests.swift in Sources */,
				8B0C2EED2911FD2C0081EDEE /* carrotUITestsLaunchTests.swift in Sources */,
			);
			runOnlyForDeploymentPostprocessing = 0;
		};
/* End PBXSourcesBuildPhase section */

/* Begin PBXTargetDependency section */
		8B0C2EDE2911FD2C0081EDEE /* PBXTargetDependency */ = {
			isa = PBXTargetDependency;
			target = 8B0C2EC52911FD220081EDEE /* carrot */;
			targetProxy = 8B0C2EDD2911FD2C0081EDEE /* PBXContainerItemProxy */;
		};
		8B0C2EE82911FD2C0081EDEE /* PBXTargetDependency */ = {
			isa = PBXTargetDependency;
			target = 8B0C2EC52911FD220081EDEE /* carrot */;
			targetProxy = 8B0C2EE72911FD2C0081EDEE /* PBXContainerItemProxy */;
		};
/* End PBXTargetDependency section */

/* Begin PBXVariantGroup section */
		8B0C2ECF2911FD220081EDEE /* Main.storyboard */ = {
			isa = PBXVariantGroup;
			children = (
				8B0C2ED02911FD220081EDEE /* Base */,
			);
			name = Main.storyboard;
			sourceTree = "<group>";
		};
		8B0C2ED42911FD2B0081EDEE /* LaunchScreen.storyboard */ = {
			isa = PBXVariantGroup;
			children = (
				8B0C2ED52911FD2B0081EDEE /* Base */,
			);
			name = LaunchScreen.storyboard;
			sourceTree = "<group>";
		};
/* End PBXVariantGroup section */

/* Begin XCBuildConfiguration section */
		8B0C2EEE2911FD2C0081EDEE /* Debug */ = {
			isa = XCBuildConfiguration;
			buildSettings = {
				ALWAYS_SEARCH_USER_PATHS = NO;
				CLANG_ANALYZER_NONNULL = YES;
				CLANG_ANALYZER_NUMBER_OBJECT_CONVERSION = YES_AGGRESSIVE;
				CLANG_CXX_LANGUAGE_STANDARD = "gnu++20";
				CLANG_ENABLE_MODULES = YES;
				CLANG_ENABLE_OBJC_ARC = YES;
				CLANG_ENABLE_OBJC_WEAK = YES;
				CLANG_WARN_BLOCK_CAPTURE_AUTORELEASING = YES;
				CLANG_WARN_BOOL_CONVERSION = YES;
				CLANG_WARN_COMMA = YES;
				CLANG_WARN_CONSTANT_CONVERSION = YES;
				CLANG_WARN_DEPRECATED_OBJC_IMPLEMENTATIONS = YES;
				CLANG_WARN_DIRECT_OBJC_ISA_USAGE = YES_ERROR;
				CLANG_WARN_DOCUMENTATION_COMMENTS = YES;
				CLANG_WARN_EMPTY_BODY = YES;
				CLANG_WARN_ENUM_CONVERSION = YES;
				CLANG_WARN_INFINITE_RECURSION = YES;
				CLANG_WARN_INT_CONVERSION = YES;
				CLANG_WARN_NON_LITERAL_NULL_CONVERSION = YES;
				CLANG_WARN_OBJC_IMPLICIT_RETAIN_SELF = YES;
				CLANG_WARN_OBJC_LITERAL_CONVERSION = YES;
				CLANG_WARN_OBJC_ROOT_CLASS = YES_ERROR;
				CLANG_WARN_QUOTED_INCLUDE_IN_FRAMEWORK_HEADER = YES;
				CLANG_WARN_RANGE_LOOP_ANALYSIS = YES;
				CLANG_WARN_STRICT_PROTOTYPES = YES;
				CLANG_WARN_SUSPICIOUS_MOVE = YES;
				CLANG_WARN_UNGUARDED_AVAILABILITY = YES_AGGRESSIVE;
				CLANG_WARN_UNREACHABLE_CODE = YES;
				CLANG_WARN__DUPLICATE_METHOD_MATCH = YES;
				COPY_PHASE_STRIP = NO;
				DEBUG_INFORMATION_FORMAT = dwarf;
				ENABLE_STRICT_OBJC_MSGSEND = YES;
				ENABLE_TESTABILITY = YES;
				GCC_C_LANGUAGE_STANDARD = gnu11;
				GCC_DYNAMIC_NO_PIC = NO;
				GCC_NO_COMMON_BLOCKS = YES;
				GCC_OPTIMIZATION_LEVEL = 0;
				GCC_PREPROCESSOR_DEFINITIONS = (
					"DEBUG=1",
					"$(inherited)",
				);
				GCC_WARN_64_TO_32_BIT_CONVERSION = YES;
				GCC_WARN_ABOUT_RETURN_TYPE = YES_ERROR;
				GCC_WARN_UNDECLARED_SELECTOR = YES;
				GCC_WARN_UNINITIALIZED_AUTOS = YES_AGGRESSIVE;
				GCC_WARN_UNUSED_FUNCTION = YES;
				GCC_WARN_UNUSED_VARIABLE = YES;
				IPHONEOS_DEPLOYMENT_TARGET = 16.0;
				MTL_ENABLE_DEBUG_INFO = INCLUDE_SOURCE;
				MTL_FAST_MATH = YES;
				ONLY_ACTIVE_ARCH = YES;
				SDKROOT = iphoneos;
				SWIFT_ACTIVE_COMPILATION_CONDITIONS = DEBUG;
				SWIFT_OPTIMIZATION_LEVEL = "-Onone";
			};
			name = Debug;
		};
		8B0C2EEF2911FD2C0081EDEE /* Release */ = {
			isa = XCBuildConfiguration;
			buildSettings = {
				ALWAYS_SEARCH_USER_PATHS = NO;
				CLANG_ANALYZER_NONNULL = YES;
				CLANG_ANALYZER_NUMBER_OBJECT_CONVERSION = YES_AGGRESSIVE;
				CLANG_CXX_LANGUAGE_STANDARD = "gnu++20";
				CLANG_ENABLE_MODULES = YES;
				CLANG_ENABLE_OBJC_ARC = YES;
				CLANG_ENABLE_OBJC_WEAK = YES;
				CLANG_WARN_BLOCK_CAPTURE_AUTORELEASING = YES;
				CLANG_WARN_BOOL_CONVERSION = YES;
				CLANG_WARN_COMMA = YES;
				CLANG_WARN_CONSTANT_CONVERSION = YES;
				CLANG_WARN_DEPRECATED_OBJC_IMPLEMENTATIONS = YES;
				CLANG_WARN_DIRECT_OBJC_ISA_USAGE = YES_ERROR;
				CLANG_WARN_DOCUMENTATION_COMMENTS = YES;
				CLANG_WARN_EMPTY_BODY = YES;
				CLANG_WARN_ENUM_CONVERSION = YES;
				CLANG_WARN_INFINITE_RECURSION = YES;
				CLANG_WARN_INT_CONVERSION = YES;
				CLANG_WARN_NON_LITERAL_NULL_CONVERSION = YES;
				CLANG_WARN_OBJC_IMPLICIT_RETAIN_SELF = YES;
				CLANG_WARN_OBJC_LITERAL_CONVERSION = YES;
				CLANG_WARN_OBJC_ROOT_CLASS = YES_ERROR;
				CLANG_WARN_QUOTED_INCLUDE_IN_FRAMEWORK_HEADER = YES;
				CLANG_WARN_RANGE_LOOP_ANALYSIS = YES;
				CLANG_WARN_STRICT_PROTOTYPES = YES;
				CLANG_WARN_SUSPICIOUS_MOVE = YES;
				CLANG_WARN_UNGUARDED_AVAILABILITY = YES_AGGRESSIVE;
				CLANG_WARN_UNREACHABLE_CODE = YES;
				CLANG_WARN__DUPLICATE_METHOD_MATCH = YES;
				COPY_PHASE_STRIP = NO;
				DEBUG_INFORMATION_FORMAT = "dwarf-with-dsym";
				ENABLE_NS_ASSERTIONS = NO;
				ENABLE_STRICT_OBJC_MSGSEND = YES;
				GCC_C_LANGUAGE_STANDARD = gnu11;
				GCC_NO_COMMON_BLOCKS = YES;
				GCC_WARN_64_TO_32_BIT_CONVERSION = YES;
				GCC_WARN_ABOUT_RETURN_TYPE = YES_ERROR;
				GCC_WARN_UNDECLARED_SELECTOR = YES;
				GCC_WARN_UNINITIALIZED_AUTOS = YES_AGGRESSIVE;
				GCC_WARN_UNUSED_FUNCTION = YES;
				GCC_WARN_UNUSED_VARIABLE = YES;
				IPHONEOS_DEPLOYMENT_TARGET = 16.0;
				MTL_ENABLE_DEBUG_INFO = NO;
				MTL_FAST_MATH = YES;
				SDKROOT = iphoneos;
				SWIFT_COMPILATION_MODE = wholemodule;
				SWIFT_OPTIMIZATION_LEVEL = "-O";
				VALIDATE_PRODUCT = YES;
			};
			name = Release;
		};
		8B0C2EF12911FD2C0081EDEE /* Debug */ = {
			isa = XCBuildConfiguration;
			buildSettings = {
				ASSETCATALOG_COMPILER_APPICON_NAME = AppIcon;
				ASSETCATALOG_COMPILER_GLOBAL_ACCENT_COLOR_NAME = AccentColor;
				CODE_SIGN_STYLE = Automatic;
				CURRENT_PROJECT_VERSION = 1;
				DEVELOPMENT_TEAM = SCDJJYX64B;
				GENERATE_INFOPLIST_FILE = YES;
				INFOPLIST_FILE = carrot/Info.plist;
				INFOPLIST_KEY_UIApplicationSupportsIndirectInputEvents = YES;
				INFOPLIST_KEY_UILaunchStoryboardName = LaunchScreen;
				INFOPLIST_KEY_UIMainStoryboardFile = Main;
				INFOPLIST_KEY_UISupportedInterfaceOrientations_iPad = "UIInterfaceOrientationPortrait UIInterfaceOrientationPortraitUpsideDown UIInterfaceOrientationLandscapeLeft UIInterfaceOrientationLandscapeRight";
				INFOPLIST_KEY_UISupportedInterfaceOrientations_iPhone = "UIInterfaceOrientationPortrait UIInterfaceOrientationLandscapeLeft UIInterfaceOrientationLandscapeRight";
				LD_RUNPATH_SEARCH_PATHS = (
					"$(inherited)",
					"@executable_path/Frameworks",
				);
				MARKETING_VERSION = 1.0;
				PRODUCT_BUNDLE_IDENTIFIER = com.softsquared.ios.carrot;
				PRODUCT_NAME = "$(TARGET_NAME)";
				SWIFT_EMIT_LOC_STRINGS = YES;
				SWIFT_VERSION = 5.0;
				TARGETED_DEVICE_FAMILY = "1,2";
			};
			name = Debug;
		};
		8B0C2EF22911FD2C0081EDEE /* Release */ = {
			isa = XCBuildConfiguration;
			buildSettings = {
				ASSETCATALOG_COMPILER_APPICON_NAME = AppIcon;
				ASSETCATALOG_COMPILER_GLOBAL_ACCENT_COLOR_NAME = AccentColor;
				CODE_SIGN_STYLE = Automatic;
				CURRENT_PROJECT_VERSION = 1;
				DEVELOPMENT_TEAM = SCDJJYX64B;
				GENERATE_INFOPLIST_FILE = YES;
				INFOPLIST_FILE = carrot/Info.plist;
				INFOPLIST_KEY_UIApplicationSupportsIndirectInputEvents = YES;
				INFOPLIST_KEY_UILaunchStoryboardName = LaunchScreen;
				INFOPLIST_KEY_UIMainStoryboardFile = Main;
				INFOPLIST_KEY_UISupportedInterfaceOrientations_iPad = "UIInterfaceOrientationPortrait UIInterfaceOrientationPortraitUpsideDown UIInterfaceOrientationLandscapeLeft UIInterfaceOrientationLandscapeRight";
				INFOPLIST_KEY_UISupportedInterfaceOrientations_iPhone = "UIInterfaceOrientationPortrait UIInterfaceOrientationLandscapeLeft UIInterfaceOrientationLandscapeRight";
				LD_RUNPATH_SEARCH_PATHS = (
					"$(inherited)",
					"@executable_path/Frameworks",
				);
				MARKETING_VERSION = 1.0;
				PRODUCT_BUNDLE_IDENTIFIER = com.softsquared.ios.carrot;
				PRODUCT_NAME = "$(TARGET_NAME)";
				SWIFT_EMIT_LOC_STRINGS = YES;
				SWIFT_VERSION = 5.0;
				TARGETED_DEVICE_FAMILY = "1,2";
			};
			name = Release;
		};
		8B0C2EF42911FD2C0081EDEE /* Debug */ = {
			isa = XCBuildConfiguration;
			buildSettings = {
				ALWAYS_EMBED_SWIFT_STANDARD_LIBRARIES = YES;
				BUNDLE_LOADER = "$(TEST_HOST)";
				CODE_SIGN_STYLE = Automatic;
				CURRENT_PROJECT_VERSION = 1;
				DEVELOPMENT_TEAM = SCDJJYX64B;
				GENERATE_INFOPLIST_FILE = YES;
				IPHONEOS_DEPLOYMENT_TARGET = 16.0;
				MARKETING_VERSION = 1.0;
				PRODUCT_BUNDLE_IDENTIFIER = com.softsquared.ios.carrotTests;
				PRODUCT_NAME = "$(TARGET_NAME)";
				SWIFT_EMIT_LOC_STRINGS = NO;
				SWIFT_VERSION = 5.0;
				TARGETED_DEVICE_FAMILY = "1,2";
				TEST_HOST = "$(BUILT_PRODUCTS_DIR)/carrot.app/$(BUNDLE_EXECUTABLE_FOLDER_PATH)/carrot";
			};
			name = Debug;
		};
		8B0C2EF52911FD2C0081EDEE /* Release */ = {
			isa = XCBuildConfiguration;
			buildSettings = {
				ALWAYS_EMBED_SWIFT_STANDARD_LIBRARIES = YES;
				BUNDLE_LOADER = "$(TEST_HOST)";
				CODE_SIGN_STYLE = Automatic;
				CURRENT_PROJECT_VERSION = 1;
				DEVELOPMENT_TEAM = SCDJJYX64B;
				GENERATE_INFOPLIST_FILE = YES;
				IPHONEOS_DEPLOYMENT_TARGET = 16.0;
				MARKETING_VERSION = 1.0;
				PRODUCT_BUNDLE_IDENTIFIER = com.softsquared.ios.carrotTests;
				PRODUCT_NAME = "$(TARGET_NAME)";
				SWIFT_EMIT_LOC_STRINGS = NO;
				SWIFT_VERSION = 5.0;
				TARGETED_DEVICE_FAMILY = "1,2";
				TEST_HOST = "$(BUILT_PRODUCTS_DIR)/carrot.app/$(BUNDLE_EXECUTABLE_FOLDER_PATH)/carrot";
			};
			name = Release;
		};
		8B0C2EF72911FD2C0081EDEE /* Debug */ = {
			isa = XCBuildConfiguration;
			buildSettings = {
				ALWAYS_EMBED_SWIFT_STANDARD_LIBRARIES = YES;
				CODE_SIGN_STYLE = Automatic;
				CURRENT_PROJECT_VERSION = 1;
				DEVELOPMENT_TEAM = SCDJJYX64B;
				GENERATE_INFOPLIST_FILE = YES;
				MARKETING_VERSION = 1.0;
				PRODUCT_BUNDLE_IDENTIFIER = com.softsquared.ios.carrotUITests;
				PRODUCT_NAME = "$(TARGET_NAME)";
				SWIFT_EMIT_LOC_STRINGS = NO;
				SWIFT_VERSION = 5.0;
				TARGETED_DEVICE_FAMILY = "1,2";
				TEST_TARGET_NAME = carrot;
			};
			name = Debug;
		};
		8B0C2EF82911FD2C0081EDEE /* Release */ = {
			isa = XCBuildConfiguration;
			buildSettings = {
				ALWAYS_EMBED_SWIFT_STANDARD_LIBRARIES = YES;
				CODE_SIGN_STYLE = Automatic;
				CURRENT_PROJECT_VERSION = 1;
				DEVELOPMENT_TEAM = SCDJJYX64B;
				GENERATE_INFOPLIST_FILE = YES;
				MARKETING_VERSION = 1.0;
				PRODUCT_BUNDLE_IDENTIFIER = com.softsquared.ios.carrotUITests;
				PRODUCT_NAME = "$(TARGET_NAME)";
				SWIFT_EMIT_LOC_STRINGS = NO;
				SWIFT_VERSION = 5.0;
				TARGETED_DEVICE_FAMILY = "1,2";
				TEST_TARGET_NAME = carrot;
			};
			name = Release;
		};
/* End XCBuildConfiguration section */

/* Begin XCConfigurationList section */
		8B0C2EC12911FD210081EDEE /* Build configuration list for PBXProject "carrot" */ = {
			isa = XCConfigurationList;
			buildConfigurations = (
				8B0C2EEE2911FD2C0081EDEE /* Debug */,
				8B0C2EEF2911FD2C0081EDEE /* Release */,
			);
			defaultConfigurationIsVisible = 0;
			defaultConfigurationName = Release;
		};
		8B0C2EF02911FD2C0081EDEE /* Build configuration list for PBXNativeTarget "carrot" */ = {
			isa = XCConfigurationList;
			buildConfigurations = (
				8B0C2EF12911FD2C0081EDEE /* Debug */,
				8B0C2EF22911FD2C0081EDEE /* Release */,
			);
			defaultConfigurationIsVisible = 0;
			defaultConfigurationName = Release;
		};
		8B0C2EF32911FD2C0081EDEE /* Build configuration list for PBXNativeTarget "carrotTests" */ = {
			isa = XCConfigurationList;
			buildConfigurations = (
				8B0C2EF42911FD2C0081EDEE /* Debug */,
				8B0C2EF52911FD2C0081EDEE /* Release */,
			);
			defaultConfigurationIsVisible = 0;
			defaultConfigurationName = Release;
		};
		8B0C2EF62911FD2C0081EDEE /* Build configuration list for PBXNativeTarget "carrotUITests" */ = {
			isa = XCConfigurationList;
			buildConfigurations = (
				8B0C2EF72911FD2C0081EDEE /* Debug */,
				8B0C2EF82911FD2C0081EDEE /* Release */,
			);
			defaultConfigurationIsVisible = 0;
			defaultConfigurationName = Release;
		};
/* End XCConfigurationList section */
	};
	rootObject = 8B0C2EBE2911FD210081EDEE /* Project object */;
}
